// !$*UTF8*$!
{
	archiveVersion = 1;
	classes = {
	};
	objectVersion = 55;
	objects = {

/* Begin PBXBuildFile section */
		5B2AAF152826FD8200DC6431 /* SearchResultViewController.swift in Sources */ = {isa = PBXBuildFile; fileRef = 5B2AAF142826FD8200DC6431 /* SearchResultViewController.swift */; };
		5B46A002281DC12F0087E9A7 /* HomeViewController.swift in Sources */ = {isa = PBXBuildFile; fileRef = 5B46A001281DC12F0087E9A7 /* HomeViewController.swift */; };
		5B46A004281DC1AF0087E9A7 /* UpComingViewController.swift in Sources */ = {isa = PBXBuildFile; fileRef = 5B46A003281DC1AF0087E9A7 /* UpComingViewController.swift */; };
		5B484BF62821AA090063A1F9 /* spider-man.jpeg in Resources */ = {isa = PBXBuildFile; fileRef = 5B484BF52821AA090063A1F9 /* spider-man.jpeg */; };
		5B64F027281D427E00EABA97 /* AppDelegate.swift in Sources */ = {isa = PBXBuildFile; fileRef = 5B64F026281D427E00EABA97 /* AppDelegate.swift */; };
		5B64F02B281D427E00EABA97 /* MainTabBarViewController.swift in Sources */ = {isa = PBXBuildFile; fileRef = 5B64F02A281D427E00EABA97 /* MainTabBarViewController.swift */; };
		5B64F030281D427F00EABA97 /* Assets.xcassets in Resources */ = {isa = PBXBuildFile; fileRef = 5B64F02F281D427F00EABA97 /* Assets.xcassets */; };
		5B7183BA281E8BEB00096D7D /* SearchViewController.swift in Sources */ = {isa = PBXBuildFile; fileRef = 5B7183B9281E8BEB00096D7D /* SearchViewController.swift */; };
		5B7183BC281E8C2800096D7D /* DownloadsViewController.swift in Sources */ = {isa = PBXBuildFile; fileRef = 5B7183BB281E8C2800096D7D /* DownloadsViewController.swift */; };
		5B7183C3281EA38E00096D7D /* CollectionViewTableViewCell.swift in Sources */ = {isa = PBXBuildFile; fileRef = 5B7183C2281EA38E00096D7D /* CollectionViewTableViewCell.swift */; };
		5B7183C5281EAFD100096D7D /* HeroHeaderUIView.swift in Sources */ = {isa = PBXBuildFile; fileRef = 5B7183C4281EAFD100096D7D /* HeroHeaderUIView.swift */; };
		5B7183C9281F06A900096D7D /* APICaller.swift in Sources */ = {isa = PBXBuildFile; fileRef = 5B7183C8281F06A900096D7D /* APICaller.swift */; };
		5B7183CB281F0BD000096D7D /* Title.swift in Sources */ = {isa = PBXBuildFile; fileRef = 5B7183CA281F0BD000096D7D /* Title.swift */; };
		5B7183CD281F100E00096D7D /* Extensions.swift in Sources */ = {isa = PBXBuildFile; fileRef = 5B7183CC281F100E00096D7D /* Extensions.swift */; };
		5B7183D1281F25CE00096D7D /* TitleCollectionViewCell.swift in Sources */ = {isa = PBXBuildFile; fileRef = 5B7183D0281F25CE00096D7D /* TitleCollectionViewCell.swift */; };
		5B7183D4281F273500096D7D /* SDWebImage in Frameworks */ = {isa = PBXBuildFile; productRef = 5B7183D3281F273500096D7D /* SDWebImage */; };
		5B7183D6281F273500096D7D /* SDWebImageMapKit in Frameworks */ = {isa = PBXBuildFile; productRef = 5B7183D5281F273500096D7D /* SDWebImageMapKit */; };
		5B7183DC282135C200096D7D /* TitleTabelViewCell.swift in Sources */ = {isa = PBXBuildFile; fileRef = 5B7183DB282135C200096D7D /* TitleTabelViewCell.swift */; };
		5B7183DE2821421000096D7D /* TitleViewModel.swift in Sources */ = {isa = PBXBuildFile; fileRef = 5B7183DD2821421000096D7D /* TitleViewModel.swift */; };
/* End PBXBuildFile section */

/* Begin PBXFileReference section */
		5B2AAF142826FD8200DC6431 /* SearchResultViewController.swift */ = {isa = PBXFileReference; lastKnownFileType = sourcecode.swift; path = SearchResultViewController.swift; sourceTree = "<group>"; };
		5B46A001281DC12F0087E9A7 /* HomeViewController.swift */ = {isa = PBXFileReference; lastKnownFileType = sourcecode.swift; path = HomeViewController.swift; sourceTree = "<group>"; };
		5B46A003281DC1AF0087E9A7 /* UpComingViewController.swift */ = {isa = PBXFileReference; lastKnownFileType = sourcecode.swift; path = UpComingViewController.swift; sourceTree = "<group>"; };
		5B484BF52821AA090063A1F9 /* spider-man.jpeg */ = {isa = PBXFileReference; lastKnownFileType = image.jpeg; path = "spider-man.jpeg"; sourceTree = "<group>"; };
		5B64F023281D427E00EABA97 /* Netflix Clone App.app */ = {isa = PBXFileReference; explicitFileType = wrapper.application; includeInIndex = 0; path = "Netflix Clone App.app"; sourceTree = BUILT_PRODUCTS_DIR; };
		5B64F026281D427E00EABA97 /* AppDelegate.swift */ = {isa = PBXFileReference; lastKnownFileType = sourcecode.swift; path = AppDelegate.swift; sourceTree = "<group>"; };
		5B64F02A281D427E00EABA97 /* MainTabBarViewController.swift */ = {isa = PBXFileReference; lastKnownFileType = sourcecode.swift; path = MainTabBarViewController.swift; sourceTree = "<group>"; };
		5B64F02F281D427F00EABA97 /* Assets.xcassets */ = {isa = PBXFileReference; lastKnownFileType = folder.assetcatalog; path = Assets.xcassets; sourceTree = "<group>"; };
		5B64F034281D427F00EABA97 /* Info.plist */ = {isa = PBXFileReference; lastKnownFileType = text.plist.xml; path = Info.plist; sourceTree = "<group>"; };
		5B7183B9281E8BEB00096D7D /* SearchViewController.swift */ = {isa = PBXFileReference; lastKnownFileType = sourcecode.swift; path = SearchViewController.swift; sourceTree = "<group>"; };
		5B7183BB281E8C2800096D7D /* DownloadsViewController.swift */ = {isa = PBXFileReference; lastKnownFileType = sourcecode.swift; path = DownloadsViewController.swift; sourceTree = "<group>"; };
		5B7183C2281EA38E00096D7D /* CollectionViewTableViewCell.swift */ = {isa = PBXFileReference; lastKnownFileType = sourcecode.swift; path = CollectionViewTableViewCell.swift; sourceTree = "<group>"; };
		5B7183C4281EAFD100096D7D /* HeroHeaderUIView.swift */ = {isa = PBXFileReference; lastKnownFileType = sourcecode.swift; path = HeroHeaderUIView.swift; sourceTree = "<group>"; };
		5B7183C8281F06A900096D7D /* APICaller.swift */ = {isa = PBXFileReference; lastKnownFileType = sourcecode.swift; path = APICaller.swift; sourceTree = "<group>"; };
		5B7183CA281F0BD000096D7D /* Title.swift */ = {isa = PBXFileReference; lastKnownFileType = sourcecode.swift; path = Title.swift; sourceTree = "<group>"; };
		5B7183CC281F100E00096D7D /* Extensions.swift */ = {isa = PBXFileReference; lastKnownFileType = sourcecode.swift; path = Extensions.swift; sourceTree = "<group>"; };
		5B7183D0281F25CE00096D7D /* TitleCollectionViewCell.swift */ = {isa = PBXFileReference; lastKnownFileType = sourcecode.swift; path = TitleCollectionViewCell.swift; sourceTree = "<group>"; };
		5B7183DB282135C200096D7D /* TitleTabelViewCell.swift */ = {isa = PBXFileReference; lastKnownFileType = sourcecode.swift; path = TitleTabelViewCell.swift; sourceTree = "<group>"; };
		5B7183DD2821421000096D7D /* TitleViewModel.swift */ = {isa = PBXFileReference; lastKnownFileType = sourcecode.swift; path = TitleViewModel.swift; sourceTree = "<group>"; };
/* End PBXFileReference section */

/* Begin PBXFrameworksBuildPhase section */
		5B64F020281D427E00EABA97 /* Frameworks */ = {
			isa = PBXFrameworksBuildPhase;
			buildActionMask = 2147483647;
			files = (
				5B7183D6281F273500096D7D /* SDWebImageMapKit in Frameworks */,
				5B7183D4281F273500096D7D /* SDWebImage in Frameworks */,
			);
			runOnlyForDeploymentPostprocessing = 0;
		};
/* End PBXFrameworksBuildPhase section */

/* Begin PBXGroup section */
		5B2AAF162826FDFC00DC6431 /* Core */ = {
			isa = PBXGroup;
			children = (
				5B46A001281DC12F0087E9A7 /* HomeViewController.swift */,
				5B46A003281DC1AF0087E9A7 /* UpComingViewController.swift */,
				5B7183B9281E8BEB00096D7D /* SearchViewController.swift */,
				5B7183BB281E8C2800096D7D /* DownloadsViewController.swift */,
			);
			path = Core;
			sourceTree = "<group>";
		};
		5B2AAF172826FE3D00DC6431 /* General */ = {
			isa = PBXGroup;
			children = (
				5B2AAF142826FD8200DC6431 /* SearchResultViewController.swift */,
			);
			path = General;
			sourceTree = "<group>";
		};
		5B46A000281DC1050087E9A7 /* Controllers */ = {
			isa = PBXGroup;
			children = (
				5B2AAF172826FE3D00DC6431 /* General */,
				5B2AAF162826FDFC00DC6431 /* Core */,
			);
			path = Controllers;
			sourceTree = "<group>";
		};
		5B64F01A281D427E00EABA97 = {
			isa = PBXGroup;
			children = (
				5B64F025281D427E00EABA97 /* Netflix Clone App */,
				5B64F024281D427E00EABA97 /* Products */,
			);
			sourceTree = "<group>";
		};
		5B64F024281D427E00EABA97 /* Products */ = {
			isa = PBXGroup;
			children = (
				5B64F023281D427E00EABA97 /* Netflix Clone App.app */,
			);
			name = Products;
			sourceTree = "<group>";
		};
		5B64F025281D427E00EABA97 /* Netflix Clone App */ = {
			isa = PBXGroup;
			children = (
				5B7183C1281EA33600096D7D /* Managers */,
				5B7183C0281EA32B00096D7D /* Resources */,
				5B7183BF281EA2E200096D7D /* Models */,
				5B7183BD281EA2D300096D7D /* Views */,
				5B7183BE281EA2D900096D7D /* ViewModels */,
				5B46A000281DC1050087E9A7 /* Controllers */,
				5B64F026281D427E00EABA97 /* AppDelegate.swift */,
				5B64F02A281D427E00EABA97 /* MainTabBarViewController.swift */,
				5B64F02F281D427F00EABA97 /* Assets.xcassets */,
				5B484BF52821AA090063A1F9 /* spider-man.jpeg */,
				5B64F034281D427F00EABA97 /* Info.plist */,
			);
			path = "Netflix Clone App";
			sourceTree = "<group>";
		};
		5B7183BD281EA2D300096D7D /* Views */ = {
			isa = PBXGroup;
			children = (
				5B7183C2281EA38E00096D7D /* CollectionViewTableViewCell.swift */,
				5B7183C4281EAFD100096D7D /* HeroHeaderUIView.swift */,
				5B7183D0281F25CE00096D7D /* TitleCollectionViewCell.swift */,
				5B7183DB282135C200096D7D /* TitleTabelViewCell.swift */,
			);
			path = Views;
			sourceTree = "<group>";
		};
		5B7183BE281EA2D900096D7D /* ViewModels */ = {
			isa = PBXGroup;
			children = (
				5B7183DD2821421000096D7D /* TitleViewModel.swift */,
			);
			path = ViewModels;
			sourceTree = "<group>";
		};
		5B7183BF281EA2E200096D7D /* Models */ = {
			isa = PBXGroup;
			children = (
				5B7183CA281F0BD000096D7D /* Title.swift */,
			);
			path = Models;
			sourceTree = "<group>";
		};
		5B7183C0281EA32B00096D7D /* Resources */ = {
			isa = PBXGroup;
			children = (
				5B7183CC281F100E00096D7D /* Extensions.swift */,
			);
			path = Resources;
			sourceTree = "<group>";
		};
		5B7183C1281EA33600096D7D /* Managers */ = {
			isa = PBXGroup;
			children = (
				5B7183C8281F06A900096D7D /* APICaller.swift */,
			);
			path = Managers;
			sourceTree = "<group>";
		};
/* End PBXGroup section */

/* Begin PBXNativeTarget section */
		5B64F022281D427E00EABA97 /* Netflix Clone App */ = {
			isa = PBXNativeTarget;
			buildConfigurationList = 5B64F037281D427F00EABA97 /* Build configuration list for PBXNativeTarget "Netflix Clone App" */;
			buildPhases = (
				5B64F01F281D427E00EABA97 /* Sources */,
				5B64F020281D427E00EABA97 /* Frameworks */,
				5B64F021281D427E00EABA97 /* Resources */,
			);
			buildRules = (
			);
			dependencies = (
			);
			name = "Netflix Clone App";
			packageProductDependencies = (
				5B7183D3281F273500096D7D /* SDWebImage */,
				5B7183D5281F273500096D7D /* SDWebImageMapKit */,
			);
			productName = "Netflix Clone App";
			productReference = 5B64F023281D427E00EABA97 /* Netflix Clone App.app */;
			productType = "com.apple.product-type.application";
		};
/* End PBXNativeTarget section */

/* Begin PBXProject section */
		5B64F01B281D427E00EABA97 /* Project object */ = {
			isa = PBXProject;
			attributes = {
				BuildIndependentTargetsInParallel = 1;
				LastSwiftUpdateCheck = 1330;
				LastUpgradeCheck = 1330;
				TargetAttributes = {
					5B64F022281D427E00EABA97 = {
						CreatedOnToolsVersion = 13.3.1;
					};
				};
			};
			buildConfigurationList = 5B64F01E281D427E00EABA97 /* Build configuration list for PBXProject "Netflix Clone App" */;
			compatibilityVersion = "Xcode 13.0";
			developmentRegion = en;
			hasScannedForEncodings = 0;
			knownRegions = (
				en,
				Base,
			);
			mainGroup = 5B64F01A281D427E00EABA97;
			packageReferences = (
				5B7183D2281F273500096D7D /* XCRemoteSwiftPackageReference "SDWebImage" */,
			);
			productRefGroup = 5B64F024281D427E00EABA97 /* Products */;
			projectDirPath = "";
			projectRoot = "";
			targets = (
				5B64F022281D427E00EABA97 /* Netflix Clone App */,
			);
		};
/* End PBXProject section */

/* Begin PBXResourcesBuildPhase section */
		5B64F021281D427E00EABA97 /* Resources */ = {
			isa = PBXResourcesBuildPhase;
			buildActionMask = 2147483647;
			files = (
				5B64F030281D427F00EABA97 /* Assets.xcassets in Resources */,
				5B484BF62821AA090063A1F9 /* spider-man.jpeg in Resources */,
			);
			runOnlyForDeploymentPostprocessing = 0;
		};
/* End PBXResourcesBuildPhase section */

/* Begin PBXSourcesBuildPhase section */
		5B64F01F281D427E00EABA97 /* Sources */ = {
			isa = PBXSourcesBuildPhase;
			buildActionMask = 2147483647;
			files = (
				5B7183DC282135C200096D7D /* TitleTabelViewCell.swift in Sources */,
				5B7183BA281E8BEB00096D7D /* SearchViewController.swift in Sources */,
				5B7183C5281EAFD100096D7D /* HeroHeaderUIView.swift in Sources */,
				5B7183D1281F25CE00096D7D /* TitleCollectionViewCell.swift in Sources */,
				5B46A004281DC1AF0087E9A7 /* UpComingViewController.swift in Sources */,
				5B7183BC281E8C2800096D7D /* DownloadsViewController.swift in Sources */,
				5B7183CB281F0BD000096D7D /* Title.swift in Sources */,
				5B2AAF152826FD8200DC6431 /* SearchResultViewController.swift in Sources */,
				5B7183C9281F06A900096D7D /* APICaller.swift in Sources */,
				5B7183C3281EA38E00096D7D /* CollectionViewTableViewCell.swift in Sources */,
				5B64F02B281D427E00EABA97 /* MainTabBarViewController.swift in Sources */,
				5B64F027281D427E00EABA97 /* AppDelegate.swift in Sources */,
				5B7183DE2821421000096D7D /* TitleViewModel.swift in Sources */,
				5B7183CD281F100E00096D7D /* Extensions.swift in Sources */,
				5B46A002281DC12F0087E9A7 /* HomeViewController.swift in Sources */,
			);
			runOnlyForDeploymentPostprocessing = 0;
		};
/* End PBXSourcesBuildPhase section */

/* Begin XCBuildConfiguration section */
		5B64F035281D427F00EABA97 /* Debug */ = {
			isa = XCBuildConfiguration;
			buildSettings = {
				ALWAYS_SEARCH_USER_PATHS = NO;
				CLANG_ANALYZER_NONNULL = YES;
				CLANG_ANALYZER_NUMBER_OBJECT_CONVERSION = YES_AGGRESSIVE;
				CLANG_CXX_LANGUAGE_STANDARD = "gnu++17";
				CLANG_ENABLE_MODULES = YES;
				CLANG_ENABLE_OBJC_ARC = YES;
				CLANG_ENABLE_OBJC_WEAK = YES;
				CLANG_WARN_BLOCK_CAPTURE_AUTORELEASING = YES;
				CLANG_WARN_BOOL_CONVERSION = YES;
				CLANG_WARN_COMMA = YES;
				CLANG_WARN_CONSTANT_CONVERSION = YES;
				CLANG_WARN_DEPRECATED_OBJC_IMPLEMENTATIONS = YES;
				CLANG_WARN_DIRECT_OBJC_ISA_USAGE = YES_ERROR;
				CLANG_WARN_DOCUMENTATION_COMMENTS = YES;
				CLANG_WARN_EMPTY_BODY = YES;
				CLANG_WARN_ENUM_CONVERSION = YES;
				CLANG_WARN_INFINITE_RECURSION = YES;
				CLANG_WARN_INT_CONVERSION = YES;
				CLANG_WARN_NON_LITERAL_NULL_CONVERSION = YES;
				CLANG_WARN_OBJC_IMPLICIT_RETAIN_SELF = YES;
				CLANG_WARN_OBJC_LITERAL_CONVERSION = YES;
				CLANG_WARN_OBJC_ROOT_CLASS = YES_ERROR;
				CLANG_WARN_QUOTED_INCLUDE_IN_FRAMEWORK_HEADER = YES;
				CLANG_WARN_RANGE_LOOP_ANALYSIS = YES;
				CLANG_WARN_STRICT_PROTOTYPES = YES;
				CLANG_WARN_SUSPICIOUS_MOVE = YES;
				CLANG_WARN_UNGUARDED_AVAILABILITY = YES_AGGRESSIVE;
				CLANG_WARN_UNREACHABLE_CODE = YES;
				CLANG_WARN__DUPLICATE_METHOD_MATCH = YES;
				COPY_PHASE_STRIP = NO;
				DEBUG_INFORMATION_FORMAT = dwarf;
				ENABLE_STRICT_OBJC_MSGSEND = YES;
				ENABLE_TESTABILITY = YES;
				GCC_C_LANGUAGE_STANDARD = gnu11;
				GCC_DYNAMIC_NO_PIC = NO;
				GCC_NO_COMMON_BLOCKS = YES;
				GCC_OPTIMIZATION_LEVEL = 0;
				GCC_PREPROCESSOR_DEFINITIONS = (
					"DEBUG=1",
					"$(inherited)",
				);
				GCC_WARN_64_TO_32_BIT_CONVERSION = YES;
				GCC_WARN_ABOUT_RETURN_TYPE = YES_ERROR;
				GCC_WARN_UNDECLARED_SELECTOR = YES;
				GCC_WARN_UNINITIALIZED_AUTOS = YES_AGGRESSIVE;
				GCC_WARN_UNUSED_FUNCTION = YES;
				GCC_WARN_UNUSED_VARIABLE = YES;
				IPHONEOS_DEPLOYMENT_TARGET = 15.4;
				MTL_ENABLE_DEBUG_INFO = INCLUDE_SOURCE;
				MTL_FAST_MATH = YES;
				ONLY_ACTIVE_ARCH = YES;
				SDKROOT = iphoneos;
				SWIFT_ACTIVE_COMPILATION_CONDITIONS = DEBUG;
				SWIFT_OPTIMIZATION_LEVEL = "-Onone";
			};
			name = Debug;
		};
		5B64F036281D427F00EABA97 /* Release */ = {
			isa = XCBuildConfiguration;
			buildSettings = {
				ALWAYS_SEARCH_USER_PATHS = NO;
				CLANG_ANALYZER_NONNULL = YES;
				CLANG_ANALYZER_NUMBER_OBJECT_CONVERSION = YES_AGGRESSIVE;
				CLANG_CXX_LANGUAGE_STANDARD = "gnu++17";
				CLANG_ENABLE_MODULES = YES;
				CLANG_ENABLE_OBJC_ARC = YES;
				CLANG_ENABLE_OBJC_WEAK = YES;
				CLANG_WARN_BLOCK_CAPTURE_AUTORELEASING = YES;
				CLANG_WARN_BOOL_CONVERSION = YES;
				CLANG_WARN_COMMA = YES;
				CLANG_WARN_CONSTANT_CONVERSION = YES;
				CLANG_WARN_DEPRECATED_OBJC_IMPLEMENTATIONS = YES;
				CLANG_WARN_DIRECT_OBJC_ISA_USAGE = YES_ERROR;
				CLANG_WARN_DOCUMENTATION_COMMENTS = YES;
				CLANG_WARN_EMPTY_BODY = YES;
				CLANG_WARN_ENUM_CONVERSION = YES;
				CLANG_WARN_INFINITE_RECURSION = YES;
				CLANG_WARN_INT_CONVERSION = YES;
				CLANG_WARN_NON_LITERAL_NULL_CONVERSION = YES;
				CLANG_WARN_OBJC_IMPLICIT_RETAIN_SELF = YES;
				CLANG_WARN_OBJC_LITERAL_CONVERSION = YES;
				CLANG_WARN_OBJC_ROOT_CLASS = YES_ERROR;
				CLANG_WARN_QUOTED_INCLUDE_IN_FRAMEWORK_HEADER = YES;
				CLANG_WARN_RANGE_LOOP_ANALYSIS = YES;
				CLANG_WARN_STRICT_PROTOTYPES = YES;
				CLANG_WARN_SUSPICIOUS_MOVE = YES;
				CLANG_WARN_UNGUARDED_AVAILABILITY = YES_AGGRESSIVE;
				CLANG_WARN_UNREACHABLE_CODE = YES;
				CLANG_WARN__DUPLICATE_METHOD_MATCH = YES;
				COPY_PHASE_STRIP = NO;
				DEBUG_INFORMATION_FORMAT = "dwarf-with-dsym";
				ENABLE_NS_ASSERTIONS = NO;
				ENABLE_STRICT_OBJC_MSGSEND = YES;
				GCC_C_LANGUAGE_STANDARD = gnu11;
				GCC_NO_COMMON_BLOCKS = YES;
				GCC_WARN_64_TO_32_BIT_CONVERSION = YES;
				GCC_WARN_ABOUT_RETURN_TYPE = YES_ERROR;
				GCC_WARN_UNDECLARED_SELECTOR = YES;
				GCC_WARN_UNINITIALIZED_AUTOS = YES_AGGRESSIVE;
				GCC_WARN_UNUSED_FUNCTION = YES;
				GCC_WARN_UNUSED_VARIABLE = YES;
				IPHONEOS_DEPLOYMENT_TARGET = 15.4;
				MTL_ENABLE_DEBUG_INFO = NO;
				MTL_FAST_MATH = YES;
				SDKROOT = iphoneos;
				SWIFT_COMPILATION_MODE = wholemodule;
				SWIFT_OPTIMIZATION_LEVEL = "-O";
				VALIDATE_PRODUCT = YES;
			};
			name = Release;
		};
		5B64F038281D427F00EABA97 /* Debug */ = {
			isa = XCBuildConfiguration;
			buildSettings = {
				ASSETCATALOG_COMPILER_APPICON_NAME = AppIcon;
				ASSETCATALOG_COMPILER_GLOBAL_ACCENT_COLOR_NAME = AccentColor;
				CODE_SIGN_STYLE = Automatic;
				CURRENT_PROJECT_VERSION = 1;
				DEVELOPMENT_TEAM = 6P2YAJPL7J;
				GENERATE_INFOPLIST_FILE = YES;
				INFOPLIST_FILE = "Netflix Clone App/Info.plist";
				INFOPLIST_KEY_UIApplicationSupportsIndirectInputEvents = YES;
				INFOPLIST_KEY_UILaunchStoryboardName = LaunchScreen;
				INFOPLIST_KEY_UISupportedInterfaceOrientations_iPad = "UIInterfaceOrientationPortrait UIInterfaceOrientationPortraitUpsideDown UIInterfaceOrientationLandscapeLeft UIInterfaceOrientationLandscapeRight";
				INFOPLIST_KEY_UISupportedInterfaceOrientations_iPhone = "UIInterfaceOrientationPortrait UIInterfaceOrientationLandscapeLeft UIInterfaceOrientationLandscapeRight";
				LD_RUNPATH_SEARCH_PATHS = (
					"$(inherited)",
					"@executable_path/Frameworks",
				);
				MARKETING_VERSION = 1.0;
				PRODUCT_BUNDLE_IDENTIFIER = "com.muazbulut.Netflix-Clone-App";
				PRODUCT_NAME = "$(TARGET_NAME)";
				SWIFT_EMIT_LOC_STRINGS = YES;
				SWIFT_VERSION = 5.0;
				TARGETED_DEVICE_FAMILY = "1,2";
			};
			name = Debug;
		};
		5B64F039281D427F00EABA97 /* Release */ = {
			isa = XCBuildConfiguration;
			buildSettings = {
				ASSETCATALOG_COMPILER_APPICON_NAME = AppIcon;
				ASSETCATALOG_COMPILER_GLOBAL_ACCENT_COLOR_NAME = AccentColor;
				CODE_SIGN_STYLE = Automatic;
				CURRENT_PROJECT_VERSION = 1;
				DEVELOPMENT_TEAM = 6P2YAJPL7J;
				GENERATE_INFOPLIST_FILE = YES;
				INFOPLIST_FILE = "Netflix Clone App/Info.plist";
				INFOPLIST_KEY_UIApplicationSupportsIndirectInputEvents = YES;
				INFOPLIST_KEY_UILaunchStoryboardName = LaunchScreen;
				INFOPLIST_KEY_UISupportedInterfaceOrientations_iPad = "UIInterfaceOrientationPortrait UIInterfaceOrientationPortraitUpsideDown UIInterfaceOrientationLandscapeLeft UIInterfaceOrientationLandscapeRight";
				INFOPLIST_KEY_UISupportedInterfaceOrientations_iPhone = "UIInterfaceOrientationPortrait UIInterfaceOrientationLandscapeLeft UIInterfaceOrientationLandscapeRight";
				LD_RUNPATH_SEARCH_PATHS = (
					"$(inherited)",
					"@executable_path/Frameworks",
				);
				MARKETING_VERSION = 1.0;
				PRODUCT_BUNDLE_IDENTIFIER = "com.muazbulut.Netflix-Clone-App";
				PRODUCT_NAME = "$(TARGET_NAME)";
				SWIFT_EMIT_LOC_STRINGS = YES;
				SWIFT_VERSION = 5.0;
				TARGETED_DEVICE_FAMILY = "1,2";
			};
			name = Release;
		};
/* End XCBuildConfiguration section */

/* Begin XCConfigurationList section */
		5B64F01E281D427E00EABA97 /* Build configuration list for PBXProject "Netflix Clone App" */ = {
			isa = XCConfigurationList;
			buildConfigurations = (
				5B64F035281D427F00EABA97 /* Debug */,
				5B64F036281D427F00EABA97 /* Release */,
			);
			defaultConfigurationIsVisible = 0;
			defaultConfigurationName = Release;
		};
		5B64F037281D427F00EABA97 /* Build configuration list for PBXNativeTarget "Netflix Clone App" */ = {
			isa = XCConfigurationList;
			buildConfigurations = (
				5B64F038281D427F00EABA97 /* Debug */,
				5B64F039281D427F00EABA97 /* Release */,
			);
			defaultConfigurationIsVisible = 0;
			defaultConfigurationName = Release;
		};
/* End XCConfigurationList section */

/* Begin XCRemoteSwiftPackageReference section */
		5B7183D2281F273500096D7D /* XCRemoteSwiftPackageReference "SDWebImage" */ = {
			isa = XCRemoteSwiftPackageReference;
			repositoryURL = "https://github.com/SDWebImage/SDWebImage.git";
			requirement = {
				branch = master;
				kind = branch;
			};
		};
/* End XCRemoteSwiftPackageReference section */

/* Begin XCSwiftPackageProductDependency section */
		5B7183D3281F273500096D7D /* SDWebImage */ = {
			isa = XCSwiftPackageProductDependency;
			package = 5B7183D2281F273500096D7D /* XCRemoteSwiftPackageReference "SDWebImage" */;
			productName = SDWebImage;
		};
		5B7183D5281F273500096D7D /* SDWebImageMapKit */ = {
			isa = XCSwiftPackageProductDependency;
			package = 5B7183D2281F273500096D7D /* XCRemoteSwiftPackageReference "SDWebImage" */;
			productName = SDWebImageMapKit;
		};
/* End XCSwiftPackageProductDependency section */
	};
	rootObject = 5B64F01B281D427E00EABA97 /* Project object */;
}
